
Microsoft Visual Studio Solution File, Format Version 12.00
# Visual Studio Version 17
VisualStudioVersion = 17.3.32819.101
MinimumVisualStudioVersion = 10.0.40219.1
Project("{FAE04EC0-301F-11D3-BF4B-00C04F79EFBC}") = "MyCar", "MyCar\MyCar.csproj", "{B8CB5740-1253-4C73-9FCA-10A09B27C578}"
EndProject
Global
	GlobalSection(SolutionConfigurationPlatforms) = preSolution
		Debug|Any CPU = Debug|Any CPU
		Release|Any CPU = Release|Any CPU
	EndGlobalSection
	GlobalSection(ProjectConfigurationPlatforms) = postSolution
		{B8CB5740-1253-4C73-9FCA-10A09B27C578}.Debug|Any CPU.ActiveCfg = Debug|Any CPU
		{B8CB5740-1253-4C73-9FCA-10A09B27C578}.Debug|Any CPU.Build.0 = Debug|Any CPU
		{B8CB5740-1253-4C73-9FCA-10A09B27C578}.Release|Any CPU.ActiveCfg = Release|Any CPU
		{B8CB5740-1253-4C73-9FCA-10A09B27C578}.Release|Any CPU.Build.0 = Release|Any CPU
	EndGlobalSection
	GlobalSection(SolutionProperties) = preSolution
		HideSolutionNode = FALSE
	EndGlobalSection
	GlobalSection(ExtensibilityGlobals) = postSolution
		SolutionGuid = {D5E6F13B-4795-495A-9411-2F7EB7860C49}
	EndGlobalSection
EndGlobal
